// !$*UTF8*$!
{
	archiveVersion = 1;
	classes = {
	};
	objectVersion = 46;
	objects = {

/* Begin PBXBuildFile section */
		0C75B8021A17A61000C084FA /* MainMenu.xib in Resources */ = {isa = PBXBuildFile; fileRef = 0C75B8011A17A61000C084FA /* MainMenu.xib */; };
		6E2DED711A17B8D900AA56F1 /* NSTimer.swift in Sources */ = {isa = PBXBuildFile; fileRef = 6E2DED701A17B8D900AA56F1 /* NSTimer.swift */; };
		6E2DED751A17C28900AA56F1 /* WKPreferences+private.m in Sources */ = {isa = PBXBuildFile; fileRef = 6E2DED741A17C28900AA56F1 /* WKPreferences+private.m */; };
		6EFB478B1A1787DE00B5B512 /* AppDelegate.swift in Sources */ = {isa = PBXBuildFile; fileRef = 6EFB478A1A1787DE00B5B512 /* AppDelegate.swift */; };
		6EFB478D1A1787DE00B5B512 /* ViewController.swift in Sources */ = {isa = PBXBuildFile; fileRef = 6EFB478C1A1787DE00B5B512 /* ViewController.swift */; };
		6EFB478F1A1787DE00B5B512 /* Images.xcassets in Resources */ = {isa = PBXBuildFile; fileRef = 6EFB478E1A1787DE00B5B512 /* Images.xcassets */; };
		6EFB479E1A1787DE00B5B512 /* GoldengateTests.swift in Sources */ = {isa = PBXBuildFile; fileRef = 6EFB479D1A1787DE00B5B512 /* GoldengateTests.swift */; };
		6EFB47AA1A178C6500B5B512 /* Plugin.swift in Sources */ = {isa = PBXBuildFile; fileRef = 6EFB47A71A178C6500B5B512 /* Plugin.swift */; };
		6EFB47AB1A178C6500B5B512 /* Goldengate.swift in Sources */ = {isa = PBXBuildFile; fileRef = 6EFB47A81A178C6500B5B512 /* Goldengate.swift */; };
		6EFB47AC1A178C6500B5B512 /* TestPlugins.swift in Sources */ = {isa = PBXBuildFile; fileRef = 6EFB47A91A178C6500B5B512 /* TestPlugins.swift */; };
		6EFB47AF1A17AC0700B5B512 /* GoldengatePlayground.swift in Sources */ = {isa = PBXBuildFile; fileRef = 6EFB47AE1A17AC0700B5B512 /* GoldengatePlayground.swift */; };
/* End PBXBuildFile section */

/* Begin PBXContainerItemProxy section */
		6EFB47981A1787DE00B5B512 /* PBXContainerItemProxy */ = {
			isa = PBXContainerItemProxy;
			containerPortal = 6EFB477D1A1787DE00B5B512 /* Project object */;
			proxyType = 1;
			remoteGlobalIDString = 6EFB47841A1787DE00B5B512;
			remoteInfo = Goldengate;
		};
/* End PBXContainerItemProxy section */

/* Begin PBXFileReference section */
		0C75B8011A17A61000C084FA /* MainMenu.xib */ = {isa = PBXFileReference; fileEncoding = 4; lastKnownFileType = file.xib; path = MainMenu.xib; sourceTree = "<group>"; };
		6E2DED701A17B8D900AA56F1 /* NSTimer.swift */ = {isa = PBXFileReference; fileEncoding = 4; lastKnownFileType = sourcecode.swift; path = NSTimer.swift; sourceTree = "<group>"; };
		6E2DED721A17C28800AA56F1 /* Goldengate-Bridging-Header.h */ = {isa = PBXFileReference; lastKnownFileType = sourcecode.c.h; path = "Goldengate-Bridging-Header.h"; sourceTree = "<group>"; };
		6E2DED731A17C28900AA56F1 /* WKPreferences+private.h */ = {isa = PBXFileReference; fileEncoding = 4; lastKnownFileType = sourcecode.c.h; path = "WKPreferences+private.h"; sourceTree = "<group>"; };
		6E2DED741A17C28900AA56F1 /* WKPreferences+private.m */ = {isa = PBXFileReference; fileEncoding = 4; lastKnownFileType = sourcecode.c.objc; path = "WKPreferences+private.m"; sourceTree = "<group>"; };
		6EFB47851A1787DE00B5B512 /* Goldengate.app */ = {isa = PBXFileReference; explicitFileType = wrapper.application; includeInIndex = 0; path = Goldengate.app; sourceTree = BUILT_PRODUCTS_DIR; };
		6EFB47891A1787DE00B5B512 /* Info.plist */ = {isa = PBXFileReference; lastKnownFileType = text.plist.xml; path = Info.plist; sourceTree = "<group>"; };
		6EFB478A1A1787DE00B5B512 /* AppDelegate.swift */ = {isa = PBXFileReference; lastKnownFileType = sourcecode.swift; path = AppDelegate.swift; sourceTree = "<group>"; };
		6EFB478C1A1787DE00B5B512 /* ViewController.swift */ = {isa = PBXFileReference; lastKnownFileType = sourcecode.swift; path = ViewController.swift; sourceTree = "<group>"; };
		6EFB478E1A1787DE00B5B512 /* Images.xcassets */ = {isa = PBXFileReference; lastKnownFileType = folder.assetcatalog; path = Images.xcassets; sourceTree = "<group>"; };
		6EFB47971A1787DE00B5B512 /* GoldengateTests.xctest */ = {isa = PBXFileReference; explicitFileType = wrapper.cfbundle; includeInIndex = 0; path = GoldengateTests.xctest; sourceTree = BUILT_PRODUCTS_DIR; };
		6EFB479C1A1787DE00B5B512 /* Info.plist */ = {isa = PBXFileReference; lastKnownFileType = text.plist.xml; path = Info.plist; sourceTree = "<group>"; };
		6EFB479D1A1787DE00B5B512 /* GoldengateTests.swift */ = {isa = PBXFileReference; lastKnownFileType = sourcecode.swift; path = GoldengateTests.swift; sourceTree = "<group>"; };
		6EFB47A71A178C6500B5B512 /* Plugin.swift */ = {isa = PBXFileReference; fileEncoding = 4; lastKnownFileType = sourcecode.swift; path = Plugin.swift; sourceTree = "<group>"; };
		6EFB47A81A178C6500B5B512 /* Goldengate.swift */ = {isa = PBXFileReference; fileEncoding = 4; lastKnownFileType = sourcecode.swift; path = Goldengate.swift; sourceTree = "<group>"; };
		6EFB47A91A178C6500B5B512 /* TestPlugins.swift */ = {isa = PBXFileReference; fileEncoding = 4; lastKnownFileType = sourcecode.swift; path = TestPlugins.swift; sourceTree = "<group>"; };
		6EFB47AE1A17AC0700B5B512 /* GoldengatePlayground.swift */ = {isa = PBXFileReference; fileEncoding = 4; lastKnownFileType = sourcecode.swift; path = GoldengatePlayground.swift; sourceTree = "<group>"; };
/* End PBXFileReference section */

/* Begin PBXFrameworksBuildPhase section */
		6EFB47821A1787DE00B5B512 /* Frameworks */ = {
			isa = PBXFrameworksBuildPhase;
			buildActionMask = 2147483647;
			files = (
			);
			runOnlyForDeploymentPostprocessing = 0;
		};
		6EFB47941A1787DE00B5B512 /* Frameworks */ = {
			isa = PBXFrameworksBuildPhase;
			buildActionMask = 2147483647;
			files = (
			);
			runOnlyForDeploymentPostprocessing = 0;
		};
/* End PBXFrameworksBuildPhase section */

/* Begin PBXGroup section */
		6EFB477C1A1787DE00B5B512 = {
			isa = PBXGroup;
			children = (
				6EFB47871A1787DE00B5B512 /* Goldengate */,
				6EFB479A1A1787DE00B5B512 /* GoldengateTests */,
				6EFB47861A1787DE00B5B512 /* Products */,
			);
			sourceTree = "<group>";
		};
		6EFB47861A1787DE00B5B512 /* Products */ = {
			isa = PBXGroup;
			children = (
				6EFB47851A1787DE00B5B512 /* Goldengate.app */,
				6EFB47971A1787DE00B5B512 /* GoldengateTests.xctest */,
			);
			name = Products;
			sourceTree = "<group>";
		};
		6EFB47871A1787DE00B5B512 /* Goldengate */ = {
			isa = PBXGroup;
			children = (
				0C75B8011A17A61000C084FA /* MainMenu.xib */,
				6E2DED701A17B8D900AA56F1 /* NSTimer.swift */,
				6EFB47A71A178C6500B5B512 /* Plugin.swift */,
				6EFB47A81A178C6500B5B512 /* Goldengate.swift */,
				6EFB47A91A178C6500B5B512 /* TestPlugins.swift */,
				6EFB478A1A1787DE00B5B512 /* AppDelegate.swift */,
				6EFB478C1A1787DE00B5B512 /* ViewController.swift */,
				6EFB478E1A1787DE00B5B512 /* Images.xcassets */,
				6EFB47881A1787DE00B5B512 /* Supporting Files */,
				6EFB47AE1A17AC0700B5B512 /* GoldengatePlayground.swift */,
				6E2DED731A17C28900AA56F1 /* WKPreferences+private.h */,
				6E2DED741A17C28900AA56F1 /* WKPreferences+private.m */,
				6E2DED721A17C28800AA56F1 /* Goldengate-Bridging-Header.h */,
			);
			path = Goldengate;
			sourceTree = "<group>";
		};
		6EFB47881A1787DE00B5B512 /* Supporting Files */ = {
			isa = PBXGroup;
			children = (
				6EFB47891A1787DE00B5B512 /* Info.plist */,
			);
			name = "Supporting Files";
			sourceTree = "<group>";
		};
		6EFB479A1A1787DE00B5B512 /* GoldengateTests */ = {
			isa = PBXGroup;
			children = (
				6EFB479D1A1787DE00B5B512 /* GoldengateTests.swift */,
				6EFB479B1A1787DE00B5B512 /* Supporting Files */,
			);
			path = GoldengateTests;
			sourceTree = "<group>";
		};
		6EFB479B1A1787DE00B5B512 /* Supporting Files */ = {
			isa = PBXGroup;
			children = (
				6EFB479C1A1787DE00B5B512 /* Info.plist */,
			);
			name = "Supporting Files";
			sourceTree = "<group>";
		};
/* End PBXGroup section */

/* Begin PBXNativeTarget section */
		6EFB47841A1787DE00B5B512 /* Goldengate */ = {
			isa = PBXNativeTarget;
			buildConfigurationList = 6EFB47A11A1787DE00B5B512 /* Build configuration list for PBXNativeTarget "Goldengate" */;
			buildPhases = (
				6EFB47811A1787DE00B5B512 /* Sources */,
				6EFB47821A1787DE00B5B512 /* Frameworks */,
				6EFB47831A1787DE00B5B512 /* Resources */,
			);
			buildRules = (
			);
			dependencies = (
			);
			name = Goldengate;
			productName = Goldengate;
			productReference = 6EFB47851A1787DE00B5B512 /* Goldengate.app */;
			productType = "com.apple.product-type.application";
		};
		6EFB47961A1787DE00B5B512 /* GoldengateTests */ = {
			isa = PBXNativeTarget;
			buildConfigurationList = 6EFB47A41A1787DE00B5B512 /* Build configuration list for PBXNativeTarget "GoldengateTests" */;
			buildPhases = (
				6EFB47931A1787DE00B5B512 /* Sources */,
				6EFB47941A1787DE00B5B512 /* Frameworks */,
				6EFB47951A1787DE00B5B512 /* Resources */,
			);
			buildRules = (
			);
			dependencies = (
				6EFB47991A1787DE00B5B512 /* PBXTargetDependency */,
			);
			name = GoldengateTests;
			productName = GoldengateTests;
			productReference = 6EFB47971A1787DE00B5B512 /* GoldengateTests.xctest */;
			productType = "com.apple.product-type.bundle.unit-test";
		};
/* End PBXNativeTarget section */

/* Begin PBXProject section */
		6EFB477D1A1787DE00B5B512 /* Project object */ = {
			isa = PBXProject;
			attributes = {
				LastUpgradeCheck = 0610;
				ORGANIZATIONNAME = "Radosław Pietruszewski";
				TargetAttributes = {
					6EFB47841A1787DE00B5B512 = {
						CreatedOnToolsVersion = 6.1;
					};
					6EFB47961A1787DE00B5B512 = {
						CreatedOnToolsVersion = 6.1;
						TestTargetID = 6EFB47841A1787DE00B5B512;
					};
				};
			};
			buildConfigurationList = 6EFB47801A1787DE00B5B512 /* Build configuration list for PBXProject "Goldengate" */;
			compatibilityVersion = "Xcode 3.2";
			developmentRegion = English;
			hasScannedForEncodings = 0;
			knownRegions = (
				en,
				Base,
			);
			mainGroup = 6EFB477C1A1787DE00B5B512;
			productRefGroup = 6EFB47861A1787DE00B5B512 /* Products */;
			projectDirPath = "";
			projectRoot = "";
			targets = (
				6EFB47841A1787DE00B5B512 /* Goldengate */,
				6EFB47961A1787DE00B5B512 /* GoldengateTests */,
			);
		};
/* End PBXProject section */

/* Begin PBXResourcesBuildPhase section */
		6EFB47831A1787DE00B5B512 /* Resources */ = {
			isa = PBXResourcesBuildPhase;
			buildActionMask = 2147483647;
			files = (
				6EFB478F1A1787DE00B5B512 /* Images.xcassets in Resources */,
				0C75B8021A17A61000C084FA /* MainMenu.xib in Resources */,
			);
			runOnlyForDeploymentPostprocessing = 0;
		};
		6EFB47951A1787DE00B5B512 /* Resources */ = {
			isa = PBXResourcesBuildPhase;
			buildActionMask = 2147483647;
			files = (
			);
			runOnlyForDeploymentPostprocessing = 0;
		};
/* End PBXResourcesBuildPhase section */

/* Begin PBXSourcesBuildPhase section */
		6EFB47811A1787DE00B5B512 /* Sources */ = {
			isa = PBXSourcesBuildPhase;
			buildActionMask = 2147483647;
			files = (
				6EFB47AF1A17AC0700B5B512 /* GoldengatePlayground.swift in Sources */,
				6EFB47AA1A178C6500B5B512 /* Plugin.swift in Sources */,
				6EFB47AB1A178C6500B5B512 /* Goldengate.swift in Sources */,
				6EFB478D1A1787DE00B5B512 /* ViewController.swift in Sources */,
				6E2DED711A17B8D900AA56F1 /* NSTimer.swift in Sources */,
				6E2DED751A17C28900AA56F1 /* WKPreferences+private.m in Sources */,
				6EFB47AC1A178C6500B5B512 /* TestPlugins.swift in Sources */,
				6EFB478B1A1787DE00B5B512 /* AppDelegate.swift in Sources */,
			);
			runOnlyForDeploymentPostprocessing = 0;
		};
		6EFB47931A1787DE00B5B512 /* Sources */ = {
			isa = PBXSourcesBuildPhase;
			buildActionMask = 2147483647;
			files = (
				6EFB479E1A1787DE00B5B512 /* GoldengateTests.swift in Sources */,
			);
			runOnlyForDeploymentPostprocessing = 0;
		};
/* End PBXSourcesBuildPhase section */

/* Begin PBXTargetDependency section */
		6EFB47991A1787DE00B5B512 /* PBXTargetDependency */ = {
			isa = PBXTargetDependency;
			target = 6EFB47841A1787DE00B5B512 /* Goldengate */;
			targetProxy = 6EFB47981A1787DE00B5B512 /* PBXContainerItemProxy */;
		};
/* End PBXTargetDependency section */

/* Begin XCBuildConfiguration section */
		6EFB479F1A1787DE00B5B512 /* Debug */ = {
			isa = XCBuildConfiguration;
			buildSettings = {
				ALWAYS_SEARCH_USER_PATHS = NO;
				CLANG_CXX_LANGUAGE_STANDARD = "gnu++0x";
				CLANG_CXX_LIBRARY = "libc++";
				CLANG_ENABLE_MODULES = YES;
				CLANG_ENABLE_OBJC_ARC = YES;
				CLANG_WARN_BOOL_CONVERSION = YES;
				CLANG_WARN_CONSTANT_CONVERSION = YES;
				CLANG_WARN_DIRECT_OBJC_ISA_USAGE = YES_ERROR;
				CLANG_WARN_EMPTY_BODY = YES;
				CLANG_WARN_ENUM_CONVERSION = YES;
				CLANG_WARN_INT_CONVERSION = YES;
				CLANG_WARN_OBJC_ROOT_CLASS = YES_ERROR;
				CLANG_WARN_UNREACHABLE_CODE = YES;
				CLANG_WARN__DUPLICATE_METHOD_MATCH = YES;
				CODE_SIGN_IDENTITY = "-";
				COPY_PHASE_STRIP = NO;
				ENABLE_STRICT_OBJC_MSGSEND = YES;
				GCC_C_LANGUAGE_STANDARD = gnu99;
				GCC_DYNAMIC_NO_PIC = NO;
				GCC_OPTIMIZATION_LEVEL = 0;
				GCC_PREPROCESSOR_DEFINITIONS = (
					"DEBUG=1",
					"$(inherited)",
				);
				GCC_SYMBOLS_PRIVATE_EXTERN = NO;
				GCC_WARN_64_TO_32_BIT_CONVERSION = YES;
				GCC_WARN_ABOUT_RETURN_TYPE = YES_ERROR;
				GCC_WARN_UNDECLARED_SELECTOR = YES;
				GCC_WARN_UNINITIALIZED_AUTOS = YES_AGGRESSIVE;
				GCC_WARN_UNUSED_FUNCTION = YES;
				GCC_WARN_UNUSED_VARIABLE = YES;
				MACOSX_DEPLOYMENT_TARGET = 10.10;
				MTL_ENABLE_DEBUG_INFO = YES;
				ONLY_ACTIVE_ARCH = YES;
				SDKROOT = macosx;
				SWIFT_OPTIMIZATION_LEVEL = "-Onone";
			};
			name = Debug;
		};
		6EFB47A01A1787DE00B5B512 /* Release */ = {
			isa = XCBuildConfiguration;
			buildSettings = {
				ALWAYS_SEARCH_USER_PATHS = NO;
				CLANG_CXX_LANGUAGE_STANDARD = "gnu++0x";
				CLANG_CXX_LIBRARY = "libc++";
				CLANG_ENABLE_MODULES = YES;
				CLANG_ENABLE_OBJC_ARC = YES;
				CLANG_WARN_BOOL_CONVERSION = YES;
				CLANG_WARN_CONSTANT_CONVERSION = YES;
				CLANG_WARN_DIRECT_OBJC_ISA_USAGE = YES_ERROR;
				CLANG_WARN_EMPTY_BODY = YES;
				CLANG_WARN_ENUM_CONVERSION = YES;
				CLANG_WARN_INT_CONVERSION = YES;
				CLANG_WARN_OBJC_ROOT_CLASS = YES_ERROR;
				CLANG_WARN_UNREACHABLE_CODE = YES;
				CLANG_WARN__DUPLICATE_METHOD_MATCH = YES;
				CODE_SIGN_IDENTITY = "-";
				COPY_PHASE_STRIP = YES;
				DEBUG_INFORMATION_FORMAT = "dwarf-with-dsym";
				ENABLE_NS_ASSERTIONS = NO;
				ENABLE_STRICT_OBJC_MSGSEND = YES;
				GCC_C_LANGUAGE_STANDARD = gnu99;
				GCC_WARN_64_TO_32_BIT_CONVERSION = YES;
				GCC_WARN_ABOUT_RETURN_TYPE = YES_ERROR;
				GCC_WARN_UNDECLARED_SELECTOR = YES;
				GCC_WARN_UNINITIALIZED_AUTOS = YES_AGGRESSIVE;
				GCC_WARN_UNUSED_FUNCTION = YES;
				GCC_WARN_UNUSED_VARIABLE = YES;
				MACOSX_DEPLOYMENT_TARGET = 10.10;
				MTL_ENABLE_DEBUG_INFO = NO;
				SDKROOT = macosx;
			};
			name = Release;
		};
		6EFB47A21A1787DE00B5B512 /* Debug */ = {
			isa = XCBuildConfiguration;
			buildSettings = {
				ASSETCATALOG_COMPILER_APPICON_NAME = AppIcon;
				CLANG_ENABLE_MODULES = YES;
				COMBINE_HIDPI_IMAGES = YES;
				INFOPLIST_FILE = Goldengate/Info.plist;
				LD_RUNPATH_SEARCH_PATHS = "$(inherited) @executable_path/../Frameworks";
				PRODUCT_NAME = "$(TARGET_NAME)";
				SWIFT_OBJC_BRIDGING_HEADER = "Goldengate/Goldengate-Bridging-Header.h";
				SWIFT_OPTIMIZATION_LEVEL = "-Onone";
			};
			name = Debug;
		};
		6EFB47A31A1787DE00B5B512 /* Release */ = {
			isa = XCBuildConfiguration;
			buildSettings = {
				ASSETCATALOG_COMPILER_APPICON_NAME = AppIcon;
				CLANG_ENABLE_MODULES = YES;
				COMBINE_HIDPI_IMAGES = YES;
				INFOPLIST_FILE = Goldengate/Info.plist;
				LD_RUNPATH_SEARCH_PATHS = "$(inherited) @executable_path/../Frameworks";
				PRODUCT_NAME = "$(TARGET_NAME)";
				SWIFT_OBJC_BRIDGING_HEADER = "Goldengate/Goldengate-Bridging-Header.h";
			};
			name = Release;
		};
		6EFB47A51A1787DE00B5B512 /* Debug */ = {
			isa = XCBuildConfiguration;
			buildSettings = {
				BUNDLE_LOADER = "$(TEST_HOST)";
				COMBINE_HIDPI_IMAGES = YES;
				FRAMEWORK_SEARCH_PATHS = (
					"$(DEVELOPER_FRAMEWORKS_DIR)",
					"$(inherited)",
				);
				GCC_PREPROCESSOR_DEFINITIONS = (
					"DEBUG=1",
					"$(inherited)",
				);
				INFOPLIST_FILE = GoldengateTests/Info.plist;
				LD_RUNPATH_SEARCH_PATHS = "$(inherited) @executable_path/../Frameworks @loader_path/../Frameworks";
				PRODUCT_NAME = "$(TARGET_NAME)";
				TEST_HOST = "$(BUILT_PRODUCTS_DIR)/Goldengate.app/Contents/MacOS/Goldengate";
			};
			name = Debug;
		};
		6EFB47A61A1787DE00B5B512 /* Release */ = {
			isa = XCBuildConfiguration;
			buildSettings = {
				BUNDLE_LOADER = "$(TEST_HOST)";
				COMBINE_HIDPI_IMAGES = YES;
				FRAMEWORK_SEARCH_PATHS = (
					"$(DEVELOPER_FRAMEWORKS_DIR)",
					"$(inherited)",
				);
				INFOPLIST_FILE = GoldengateTests/Info.plist;
				LD_RUNPATH_SEARCH_PATHS = "$(inherited) @executable_path/../Frameworks @loader_path/../Frameworks";
				PRODUCT_NAME = "$(TARGET_NAME)";
				TEST_HOST = "$(BUILT_PRODUCTS_DIR)/Goldengate.app/Contents/MacOS/Goldengate";
			};
			name = Release;
		};
/* End XCBuildConfiguration section */

/* Begin XCConfigurationList section */
		6EFB47801A1787DE00B5B512 /* Build configuration list for PBXProject "Goldengate" */ = {
			isa = XCConfigurationList;
			buildConfigurations = (
				6EFB479F1A1787DE00B5B512 /* Debug */,
				6EFB47A01A1787DE00B5B512 /* Release */,
			);
			defaultConfigurationIsVisible = 0;
			defaultConfigurationName = Release;
		};
		6EFB47A11A1787DE00B5B512 /* Build configuration list for PBXNativeTarget "Goldengate" */ = {
			isa = XCConfigurationList;
			buildConfigurations = (
				6EFB47A21A1787DE00B5B512 /* Debug */,
				6EFB47A31A1787DE00B5B512 /* Release */,
			);
			defaultConfigurationIsVisible = 0;
			defaultConfigurationName = Release;
		};
		6EFB47A41A1787DE00B5B512 /* Build configuration list for PBXNativeTarget "GoldengateTests" */ = {
			isa = XCConfigurationList;
			buildConfigurations = (
				6EFB47A51A1787DE00B5B512 /* Debug */,
				6EFB47A61A1787DE00B5B512 /* Release */,
			);
			defaultConfigurationIsVisible = 0;
			defaultConfigurationName = Release;
		};
/* End XCConfigurationList section */
	};
	rootObject = 6EFB477D1A1787DE00B5B512 /* Project object */;
}
